
Microsoft Visual Studio Solution File, Format Version 12.00
# Visual Studio Version 17
VisualStudioVersion = 17.14.36310.24
MinimumVisualStudioVersion = 10.0.40219.1
Project("{FAE04EC0-301F-11D3-BF4B-00C04F79EFBC}") = "CRMDashboard", "CRMDashboard\CRMDashboard.csproj", "{3172A6F8-3858-CE4A-272B-C25683E976E6}"
EndProject
Project("{FAE04EC0-301F-11D3-BF4B-00C04F79EFBC}") = "DP.BlazorDashboard", "DP.BlazorDashboard\DP.BlazorDashboard.csproj", "{281EF2D6-25F2-4CC8-55CE-398CB7497F27}"
EndProject
Global
	GlobalSection(SolutionConfigurationPlatforms) = preSolution
		Debug|Any CPU = Debug|Any CPU
		Release|Any CPU = Release|Any CPU
	EndGlobalSection
	GlobalSection(ProjectConfigurationPlatforms) = postSolution
		{3172A6F8-3858-CE4A-272B-C25683E976E6}.Debug|Any CPU.ActiveCfg = Debug|Any CPU
		{3172A6F8-3858-CE4A-272B-C25683E976E6}.Debug|Any CPU.Build.0 = Debug|Any CPU
		{3172A6F8-3858-CE4A-272B-C25683E976E6}.Release|Any CPU.ActiveCfg = Release|Any CPU
		{3172A6F8-3858-CE4A-272B-C25683E976E6}.Release|Any CPU.Build.0 = Release|Any CPU
		{281EF2D6-25F2-4CC8-55CE-398CB7497F27}.Debug|Any CPU.ActiveCfg = Debug|Any CPU
		{281EF2D6-25F2-4CC8-55CE-398CB7497F27}.Debug|Any CPU.Build.0 = Debug|Any CPU
		{281EF2D6-25F2-4CC8-55CE-398CB7497F27}.Release|Any CPU.ActiveCfg = Release|Any CPU
		{281EF2D6-25F2-4CC8-55CE-398CB7497F27}.Release|Any CPU.Build.0 = Release|Any CPU
	EndGlobalSection
	GlobalSection(SolutionProperties) = preSolution
		HideSolutionNode = FALSE
	EndGlobalSection
	GlobalSection(ExtensibilityGlobals) = postSolution
		SolutionGuid = {A5917504-9788-456B-A517-28438643A8F1}
	EndGlobalSection
EndGlobal
